Microsoft Visual Studio Solution File, Format Version 12.00
# Visual Studio Version 19
VisualStudioVersion = 19.0.40000.0
MinimumVisualStudioVersion = 10.0.40219.1
Project("{FAE04EC0-301F-11D3-BF4B-00C04F79EFBC}") = "CanMonitor.WinForms", "CanMonitor.WinForms\\CanMonitor.WinForms.csproj", "{62BA1F8B-3883-4A32-8D42-3BEC382596FA}"
EndProject
Global
GlobalSection(SolutionConfigurationPlatforms) = preSolution
Debug|Any CPU = Debug|Any CPU
Release|Any CPU = Release|Any CPU
EndGlobalSection
GlobalSection(ProjectConfigurationPlatforms) = postSolution
{62BA1F8B-3883-4A32-8D42-3BEC382596FA}.Debug|Any CPU.ActiveCfg = Debug|Any CPU
{62BA1F8B-3883-4A32-8D42-3BEC382596FA}.Debug|Any CPU.Build.0 = Debug|Any CPU
{62BA1F8B-3883-4A32-8D42-3BEC382596FA}.Release|Any CPU.ActiveCfg = Release|Any CPU
{62BA1F8B-3883-4A32-8D42-3BEC382596FA}.Release|Any CPU.Build.0 = Release|Any CPU
EndGlobalSection
GlobalSection(SolutionProperties) = preSolution
HideSolutionNode = FALSE
EndGlobalSection
EndGlobal
